
Microsoft Visual Studio Solution File, Format Version 12.00
# Visual Studio Version 16
VisualStudioVersion = 16.0.30523.141
MinimumVisualStudioVersion = 10.0.40219.1
Project("{FAE04EC0-301F-11D3-BF4B-00C04F79EFBC}") = "Aula17", "Aula17\Aula17.csproj", "{ADF0AB9B-6DCB-4EAD-AAA7-DA8E866C302C}"
EndProject
Global
	GlobalSection(SolutionConfigurationPlatforms) = preSolution
		Debug|Any CPU = Debug|Any CPU
		Release|Any CPU = Release|Any CPU
	EndGlobalSection
	GlobalSection(ProjectConfigurationPlatforms) = postSolution
		{ADF0AB9B-6DCB-4EAD-AAA7-DA8E866C302C}.Debug|Any CPU.ActiveCfg = Debug|Any CPU
		{ADF0AB9B-6DCB-4EAD-AAA7-DA8E866C302C}.Debug|Any CPU.Build.0 = Debug|Any CPU
		{ADF0AB9B-6DCB-4EAD-AAA7-DA8E866C302C}.Release|Any CPU.ActiveCfg = Release|Any CPU
		{ADF0AB9B-6DCB-4EAD-AAA7-DA8E866C302C}.Release|Any CPU.Build.0 = Release|Any CPU
	EndGlobalSection
	GlobalSection(SolutionProperties) = preSolution
		HideSolutionNode = FALSE
	EndGlobalSection
	GlobalSection(ExtensibilityGlobals) = postSolution
		SolutionGuid = {7214C465-F31C-47C7-9F03-336CEE14E867}
	EndGlobalSection
EndGlobal
