
Microsoft Visual Studio Solution File, Format Version 12.00
# Visual Studio Version 16
VisualStudioVersion = 16.0.30503.244
MinimumVisualStudioVersion = 10.0.40219.1
Project("{9A19103F-16F7-4668-BE54-9A1E7A4F7556}") = "Aula11", "Aula11\Aula11.csproj", "{CB7C5715-67BD-428B-AB39-08878C9A8BD2}"
EndProject
Project("{FAE04EC0-301F-11D3-BF4B-00C04F79EFBC}") = "ExerciciosOOpt201Exerc01", "ExerciciosOOpt201Exerc01\ExerciciosOOpt201Exerc01.csproj", "{BE334693-CB6D-4E77-B201-3D27558D86D6}"
EndProject
Project("{FAE04EC0-301F-11D3-BF4B-00C04F79EFBC}") = "ExerciciosOOpt201Exerc02", "ExerciciosOOpt201Exerc02\ExerciciosOOpt201Exerc02.csproj", "{1679BFBD-6E14-443F-9D12-77DB6383F503}"
EndProject
Project("{FAE04EC0-301F-11D3-BF4B-00C04F79EFBC}") = "ExerciciosOOpt201Exerc03", "ExerciciosOOpt201Exerc03\ExerciciosOOpt201Exerc03.csproj", "{616DA794-7CA8-41A7-AB6D-EDF947AC08BE}"
EndProject
Project("{FAE04EC0-301F-11D3-BF4B-00C04F79EFBC}") = "ExerciciosOOpt201Exerc07", "ExerciciosOOpt201Exerc07\ExerciciosOOpt201Exerc07.csproj", "{E7D1CA9C-F548-4505-BA47-77B1530B982C}"
EndProject
Project("{FAE04EC0-301F-11D3-BF4B-00C04F79EFBC}") = "ExerciciosOOpt201Exerc04", "ExerciciosOOpt201Exerc04\ExerciciosOOpt201Exerc04.csproj", "{7BB91891-7239-41AC-A9C3-3AB00CD14EC4}"
EndProject
Project("{FAE04EC0-301F-11D3-BF4B-00C04F79EFBC}") = "ExerciciosOOpt201Exerc05", "ExerciciosOOpt201Exerc05\ExerciciosOOpt201Exerc05.csproj", "{D6759877-CF12-4259-9F0F-667B6DA2C206}"
EndProject
Project("{FAE04EC0-301F-11D3-BF4B-00C04F79EFBC}") = "ExerciciosOOpt201Exerc06", "ExerciciosOOpt201Exerc06\ExerciciosOOpt201Exerc06.csproj", "{ECDCDA03-79D8-4D11-8739-4496EA960049}"
EndProject
Project("{FAE04EC0-301F-11D3-BF4B-00C04F79EFBC}") = "ExerciciosOOpt202Exerc01", "ExerciciosOOpt202Exerc01\ExerciciosOOpt202Exerc01.csproj", "{457EA680-8634-4C1D-B95D-E321DDD7BD98}"
EndProject
Project("{FAE04EC0-301F-11D3-BF4B-00C04F79EFBC}") = "ExerciciosOOpt202Exerc02", "ExerciciosOOpt202Exerc02\ExerciciosOOpt202Exerc02.csproj", "{BB734F68-7D56-4C1B-95E4-ACF530850D3A}"
EndProject
Project("{FAE04EC0-301F-11D3-BF4B-00C04F79EFBC}") = "ExerciciosOOpt202Exerc03", "ExerciciosOOpt202Exerc03\ExerciciosOOpt202Exerc03.csproj", "{96C22090-7BAF-4FB1-9DD1-AB878B839624}"
EndProject
Project("{FAE04EC0-301F-11D3-BF4B-00C04F79EFBC}") = "ExerciciosOOpt202Exerc04", "ExerciciosOOpt202Exerc04\ExerciciosOOpt202Exerc04.csproj", "{300F0B18-B33F-4329-A7F0-9CFB766D65EA}"
EndProject
Project("{FAE04EC0-301F-11D3-BF4B-00C04F79EFBC}") = "ExerciciosOOpt203Exerc01", "ExerciciosOOpt203Exerc01\ExerciciosOOpt203Exerc01.csproj", "{80A44EAF-55DA-4191-A741-CDDEC25E1241}"
EndProject
Project("{FAE04EC0-301F-11D3-BF4B-00C04F79EFBC}") = "ExerciciosOOpt203Exerc02", "ExerciciosOOpt203Exerc02\ExerciciosOOpt203Exerc02.csproj", "{46DF0447-A842-4E42-9D5B-D89A75BEE08E}"
EndProject
Project("{FAE04EC0-301F-11D3-BF4B-00C04F79EFBC}") = "ExerciciosOOpt203Exerc03", "ExerciciosOOpt203Exerc03\ExerciciosOOpt203Exerc03.csproj", "{C2300475-E097-4D9E-9FE0-12BECA27DDD8}"
EndProject
Project("{FAE04EC0-301F-11D3-BF4B-00C04F79EFBC}") = "ExerciciosOOpt204Exerc01", "ExerciciosOOpt204Exerc01\ExerciciosOOpt204Exerc01.csproj", "{FF4093D7-9E5E-44B2-B675-950A54255E04}"
EndProject
Project("{FAE04EC0-301F-11D3-BF4B-00C04F79EFBC}") = "ExerciciosOOpt204Exerc02", "ExerciciosOOpt204Exerc02\ExerciciosOOpt204Exerc02.csproj", "{E1527480-A988-43D1-9951-0356B8D22344}"
EndProject
Project("{FAE04EC0-301F-11D3-BF4B-00C04F79EFBC}") = "ExerciciosOOpt204Exerc03", "ExerciciosOOpt204Exerc03\ExerciciosOOpt204Exerc03.csproj", "{AA6B6C12-B0F2-4BB7-ADA3-57CFE09EA168}"
EndProject
Project("{FAE04EC0-301F-11D3-BF4B-00C04F79EFBC}") = "ExerciciosOOpt204Exerc04", "ExerciciosOOpt204Exerc04\ExerciciosOOpt204Exerc04.csproj", "{FBA8FF97-88D4-4903-8E2E-4F1DE6546A41}"
EndProject
Global
	GlobalSection(SolutionConfigurationPlatforms) = preSolution
		Debug|Any CPU = Debug|Any CPU
		Release|Any CPU = Release|Any CPU
	EndGlobalSection
	GlobalSection(ProjectConfigurationPlatforms) = postSolution
		{CB7C5715-67BD-428B-AB39-08878C9A8BD2}.Debug|Any CPU.ActiveCfg = Debug|Any CPU
		{CB7C5715-67BD-428B-AB39-08878C9A8BD2}.Debug|Any CPU.Build.0 = Debug|Any CPU
		{CB7C5715-67BD-428B-AB39-08878C9A8BD2}.Release|Any CPU.ActiveCfg = Release|Any CPU
		{CB7C5715-67BD-428B-AB39-08878C9A8BD2}.Release|Any CPU.Build.0 = Release|Any CPU
		{BE334693-CB6D-4E77-B201-3D27558D86D6}.Debug|Any CPU.ActiveCfg = Debug|Any CPU
		{BE334693-CB6D-4E77-B201-3D27558D86D6}.Debug|Any CPU.Build.0 = Debug|Any CPU
		{BE334693-CB6D-4E77-B201-3D27558D86D6}.Release|Any CPU.ActiveCfg = Release|Any CPU
		{BE334693-CB6D-4E77-B201-3D27558D86D6}.Release|Any CPU.Build.0 = Release|Any CPU
		{1679BFBD-6E14-443F-9D12-77DB6383F503}.Debug|Any CPU.ActiveCfg = Debug|Any CPU
		{1679BFBD-6E14-443F-9D12-77DB6383F503}.Debug|Any CPU.Build.0 = Debug|Any CPU
		{1679BFBD-6E14-443F-9D12-77DB6383F503}.Release|Any CPU.ActiveCfg = Release|Any CPU
		{1679BFBD-6E14-443F-9D12-77DB6383F503}.Release|Any CPU.Build.0 = Release|Any CPU
		{616DA794-7CA8-41A7-AB6D-EDF947AC08BE}.Debug|Any CPU.ActiveCfg = Debug|Any CPU
		{616DA794-7CA8-41A7-AB6D-EDF947AC08BE}.Debug|Any CPU.Build.0 = Debug|Any CPU
		{616DA794-7CA8-41A7-AB6D-EDF947AC08BE}.Release|Any CPU.ActiveCfg = Release|Any CPU
		{616DA794-7CA8-41A7-AB6D-EDF947AC08BE}.Release|Any CPU.Build.0 = Release|Any CPU
		{E7D1CA9C-F548-4505-BA47-77B1530B982C}.Debug|Any CPU.ActiveCfg = Debug|Any CPU
		{E7D1CA9C-F548-4505-BA47-77B1530B982C}.Debug|Any CPU.Build.0 = Debug|Any CPU
		{E7D1CA9C-F548-4505-BA47-77B1530B982C}.Release|Any CPU.ActiveCfg = Release|Any CPU
		{E7D1CA9C-F548-4505-BA47-77B1530B982C}.Release|Any CPU.Build.0 = Release|Any CPU
		{7BB91891-7239-41AC-A9C3-3AB00CD14EC4}.Debug|Any CPU.ActiveCfg = Debug|Any CPU
		{7BB91891-7239-41AC-A9C3-3AB00CD14EC4}.Debug|Any CPU.Build.0 = Debug|Any CPU
		{7BB91891-7239-41AC-A9C3-3AB00CD14EC4}.Release|Any CPU.ActiveCfg = Release|Any CPU
		{7BB91891-7239-41AC-A9C3-3AB00CD14EC4}.Release|Any CPU.Build.0 = Release|Any CPU
		{D6759877-CF12-4259-9F0F-667B6DA2C206}.Debug|Any CPU.ActiveCfg = Debug|Any CPU
		{D6759877-CF12-4259-9F0F-667B6DA2C206}.Debug|Any CPU.Build.0 = Debug|Any CPU
		{D6759877-CF12-4259-9F0F-667B6DA2C206}.Release|Any CPU.ActiveCfg = Release|Any CPU
		{D6759877-CF12-4259-9F0F-667B6DA2C206}.Release|Any CPU.Build.0 = Release|Any CPU
		{ECDCDA03-79D8-4D11-8739-4496EA960049}.Debug|Any CPU.ActiveCfg = Debug|Any CPU
		{ECDCDA03-79D8-4D11-8739-4496EA960049}.Debug|Any CPU.Build.0 = Debug|Any CPU
		{ECDCDA03-79D8-4D11-8739-4496EA960049}.Release|Any CPU.ActiveCfg = Release|Any CPU
		{ECDCDA03-79D8-4D11-8739-4496EA960049}.Release|Any CPU.Build.0 = Release|Any CPU
		{457EA680-8634-4C1D-B95D-E321DDD7BD98}.Debug|Any CPU.ActiveCfg = Debug|Any CPU
		{457EA680-8634-4C1D-B95D-E321DDD7BD98}.Debug|Any CPU.Build.0 = Debug|Any CPU
		{457EA680-8634-4C1D-B95D-E321DDD7BD98}.Release|Any CPU.ActiveCfg = Release|Any CPU
		{457EA680-8634-4C1D-B95D-E321DDD7BD98}.Release|Any CPU.Build.0 = Release|Any CPU
		{BB734F68-7D56-4C1B-95E4-ACF530850D3A}.Debug|Any CPU.ActiveCfg = Debug|Any CPU
		{BB734F68-7D56-4C1B-95E4-ACF530850D3A}.Debug|Any CPU.Build.0 = Debug|Any CPU
		{BB734F68-7D56-4C1B-95E4-ACF530850D3A}.Release|Any CPU.ActiveCfg = Release|Any CPU
		{BB734F68-7D56-4C1B-95E4-ACF530850D3A}.Release|Any CPU.Build.0 = Release|Any CPU
		{96C22090-7BAF-4FB1-9DD1-AB878B839624}.Debug|Any CPU.ActiveCfg = Debug|Any CPU
		{96C22090-7BAF-4FB1-9DD1-AB878B839624}.Debug|Any CPU.Build.0 = Debug|Any CPU
		{96C22090-7BAF-4FB1-9DD1-AB878B839624}.Release|Any CPU.ActiveCfg = Release|Any CPU
		{96C22090-7BAF-4FB1-9DD1-AB878B839624}.Release|Any CPU.Build.0 = Release|Any CPU
		{300F0B18-B33F-4329-A7F0-9CFB766D65EA}.Debug|Any CPU.ActiveCfg = Debug|Any CPU
		{300F0B18-B33F-4329-A7F0-9CFB766D65EA}.Debug|Any CPU.Build.0 = Debug|Any CPU
		{300F0B18-B33F-4329-A7F0-9CFB766D65EA}.Release|Any CPU.ActiveCfg = Release|Any CPU
		{300F0B18-B33F-4329-A7F0-9CFB766D65EA}.Release|Any CPU.Build.0 = Release|Any CPU
		{80A44EAF-55DA-4191-A741-CDDEC25E1241}.Debug|Any CPU.ActiveCfg = Debug|Any CPU
		{80A44EAF-55DA-4191-A741-CDDEC25E1241}.Debug|Any CPU.Build.0 = Debug|Any CPU
		{80A44EAF-55DA-4191-A741-CDDEC25E1241}.Release|Any CPU.ActiveCfg = Release|Any CPU
		{80A44EAF-55DA-4191-A741-CDDEC25E1241}.Release|Any CPU.Build.0 = Release|Any CPU
		{46DF0447-A842-4E42-9D5B-D89A75BEE08E}.Debug|Any CPU.ActiveCfg = Debug|Any CPU
		{46DF0447-A842-4E42-9D5B-D89A75BEE08E}.Debug|Any CPU.Build.0 = Debug|Any CPU
		{46DF0447-A842-4E42-9D5B-D89A75BEE08E}.Release|Any CPU.ActiveCfg = Release|Any CPU
		{46DF0447-A842-4E42-9D5B-D89A75BEE08E}.Release|Any CPU.Build.0 = Release|Any CPU
		{C2300475-E097-4D9E-9FE0-12BECA27DDD8}.Debug|Any CPU.ActiveCfg = Debug|Any CPU
		{C2300475-E097-4D9E-9FE0-12BECA27DDD8}.Debug|Any CPU.Build.0 = Debug|Any CPU
		{C2300475-E097-4D9E-9FE0-12BECA27DDD8}.Release|Any CPU.ActiveCfg = Release|Any CPU
		{C2300475-E097-4D9E-9FE0-12BECA27DDD8}.Release|Any CPU.Build.0 = Release|Any CPU
		{FF4093D7-9E5E-44B2-B675-950A54255E04}.Debug|Any CPU.ActiveCfg = Debug|Any CPU
		{FF4093D7-9E5E-44B2-B675-950A54255E04}.Debug|Any CPU.Build.0 = Debug|Any CPU
		{FF4093D7-9E5E-44B2-B675-950A54255E04}.Release|Any CPU.ActiveCfg = Release|Any CPU
		{FF4093D7-9E5E-44B2-B675-950A54255E04}.Release|Any CPU.Build.0 = Release|Any CPU
		{E1527480-A988-43D1-9951-0356B8D22344}.Debug|Any CPU.ActiveCfg = Debug|Any CPU
		{E1527480-A988-43D1-9951-0356B8D22344}.Debug|Any CPU.Build.0 = Debug|Any CPU
		{E1527480-A988-43D1-9951-0356B8D22344}.Release|Any CPU.ActiveCfg = Release|Any CPU
		{E1527480-A988-43D1-9951-0356B8D22344}.Release|Any CPU.Build.0 = Release|Any CPU
		{AA6B6C12-B0F2-4BB7-ADA3-57CFE09EA168}.Debug|Any CPU.ActiveCfg = Debug|Any CPU
		{AA6B6C12-B0F2-4BB7-ADA3-57CFE09EA168}.Debug|Any CPU.Build.0 = Debug|Any CPU
		{AA6B6C12-B0F2-4BB7-ADA3-57CFE09EA168}.Release|Any CPU.ActiveCfg = Release|Any CPU
		{AA6B6C12-B0F2-4BB7-ADA3-57CFE09EA168}.Release|Any CPU.Build.0 = Release|Any CPU
		{FBA8FF97-88D4-4903-8E2E-4F1DE6546A41}.Debug|Any CPU.ActiveCfg = Debug|Any CPU
		{FBA8FF97-88D4-4903-8E2E-4F1DE6546A41}.Debug|Any CPU.Build.0 = Debug|Any CPU
		{FBA8FF97-88D4-4903-8E2E-4F1DE6546A41}.Release|Any CPU.ActiveCfg = Release|Any CPU
		{FBA8FF97-88D4-4903-8E2E-4F1DE6546A41}.Release|Any CPU.Build.0 = Release|Any CPU
	EndGlobalSection
	GlobalSection(SolutionProperties) = preSolution
		HideSolutionNode = FALSE
	EndGlobalSection
	GlobalSection(ExtensibilityGlobals) = postSolution
		SolutionGuid = {26A1D7F1-D4A2-404F-B728-0E28A83C085A}
	EndGlobalSection
EndGlobal
