
Microsoft Visual Studio Solution File, Format Version 12.00
# Visual Studio Version 16
VisualStudioVersion = 16.0.30717.126
MinimumVisualStudioVersion = 10.0.40219.1
Project("{FAE04EC0-301F-11D3-BF4B-00C04F79EFBC}") = "AsAventurasDeJoeslei", "AsAventurasDeJoeslei\AsAventurasDeJoeslei.csproj", "{817B8298-0B79-4AF7-83D7-D3D8EBA1C828}"
EndProject
Global
	GlobalSection(SolutionConfigurationPlatforms) = preSolution
		Debug|Any CPU = Debug|Any CPU
		Release|Any CPU = Release|Any CPU
	EndGlobalSection
	GlobalSection(ProjectConfigurationPlatforms) = postSolution
		{817B8298-0B79-4AF7-83D7-D3D8EBA1C828}.Debug|Any CPU.ActiveCfg = Debug|Any CPU
		{817B8298-0B79-4AF7-83D7-D3D8EBA1C828}.Debug|Any CPU.Build.0 = Debug|Any CPU
		{817B8298-0B79-4AF7-83D7-D3D8EBA1C828}.Release|Any CPU.ActiveCfg = Release|Any CPU
		{817B8298-0B79-4AF7-83D7-D3D8EBA1C828}.Release|Any CPU.Build.0 = Release|Any CPU
	EndGlobalSection
	GlobalSection(SolutionProperties) = preSolution
		HideSolutionNode = FALSE
	EndGlobalSection
	GlobalSection(ExtensibilityGlobals) = postSolution
		SolutionGuid = {7155E875-E569-422A-9B22-EB0D0678563C}
	EndGlobalSection
EndGlobal
