
Microsoft Visual Studio Solution File, Format Version 12.00
# Visual Studio Version 16
VisualStudioVersion = 16.0.30503.244
MinimumVisualStudioVersion = 10.0.40219.1
Project("{9A19103F-16F7-4668-BE54-9A1E7A4F7556}") = "Aula12", "Aula12\Aula12.csproj", "{76EDFC8B-ED99-4A6D-9C9F-70AB18358F0C}"
EndProject
Project("{9A19103F-16F7-4668-BE54-9A1E7A4F7556}") = "OOpt03List01Exerc04", "OOpt03List01Exerc04\OOpt03List01Exerc04.csproj", "{3E69FBFA-34F4-48EB-8951-2D872362CE4A}"
EndProject
Project("{FAE04EC0-301F-11D3-BF4B-00C04F79EFBC}") = "OOpt03List01Exerc01", "OOpt03List01Exerc01\OOpt03List01Exerc01.csproj", "{00414734-8C0B-44A8-88FB-70F81FD916EF}"
EndProject
Project("{FAE04EC0-301F-11D3-BF4B-00C04F79EFBC}") = "OOpt03List01Exerc02", "OOpt03List01Exerc02\OOpt03List01Exerc02.csproj", "{D2FAD02E-FDD7-451F-A6CA-C4FF01F3FAE9}"
EndProject
Project("{FAE04EC0-301F-11D3-BF4B-00C04F79EFBC}") = "OOpt03List01Exerc03", "OOpt03List01Exerc03\OOpt03List01Exerc03.csproj", "{FD2EE5E7-3D87-4B83-B670-A9E7BCC54E94}"
EndProject
Project("{FAE04EC0-301F-11D3-BF4B-00C04F79EFBC}") = "OOpt03List01Exerc05", "OOpt03List01Exerc05\OOpt03List01Exerc05.csproj", "{45AC384F-0C16-49CA-9F38-7E499C3DFCB9}"
EndProject
Project("{FAE04EC0-301F-11D3-BF4B-00C04F79EFBC}") = "OOpt03List01Exerc06", "OOpt03List01Exerc06\OOpt03List01Exerc06.csproj", "{CDC111DB-FC1E-4249-9DAE-7A7685DC5908}"
EndProject
Project("{FAE04EC0-301F-11D3-BF4B-00C04F79EFBC}") = "OOpt03List01Exerc07", "OOpt03List01Exerc07\OOpt03List01Exerc07.csproj", "{DF73E824-232A-4C70-A72E-7F06766E8813}"
EndProject
Global
	GlobalSection(SolutionConfigurationPlatforms) = preSolution
		Debug|Any CPU = Debug|Any CPU
		Release|Any CPU = Release|Any CPU
	EndGlobalSection
	GlobalSection(ProjectConfigurationPlatforms) = postSolution
		{76EDFC8B-ED99-4A6D-9C9F-70AB18358F0C}.Debug|Any CPU.ActiveCfg = Debug|Any CPU
		{76EDFC8B-ED99-4A6D-9C9F-70AB18358F0C}.Debug|Any CPU.Build.0 = Debug|Any CPU
		{76EDFC8B-ED99-4A6D-9C9F-70AB18358F0C}.Release|Any CPU.ActiveCfg = Release|Any CPU
		{76EDFC8B-ED99-4A6D-9C9F-70AB18358F0C}.Release|Any CPU.Build.0 = Release|Any CPU
		{3E69FBFA-34F4-48EB-8951-2D872362CE4A}.Debug|Any CPU.ActiveCfg = Debug|Any CPU
		{3E69FBFA-34F4-48EB-8951-2D872362CE4A}.Debug|Any CPU.Build.0 = Debug|Any CPU
		{3E69FBFA-34F4-48EB-8951-2D872362CE4A}.Release|Any CPU.ActiveCfg = Release|Any CPU
		{3E69FBFA-34F4-48EB-8951-2D872362CE4A}.Release|Any CPU.Build.0 = Release|Any CPU
		{00414734-8C0B-44A8-88FB-70F81FD916EF}.Debug|Any CPU.ActiveCfg = Debug|Any CPU
		{00414734-8C0B-44A8-88FB-70F81FD916EF}.Debug|Any CPU.Build.0 = Debug|Any CPU
		{00414734-8C0B-44A8-88FB-70F81FD916EF}.Release|Any CPU.ActiveCfg = Release|Any CPU
		{00414734-8C0B-44A8-88FB-70F81FD916EF}.Release|Any CPU.Build.0 = Release|Any CPU
		{D2FAD02E-FDD7-451F-A6CA-C4FF01F3FAE9}.Debug|Any CPU.ActiveCfg = Debug|Any CPU
		{D2FAD02E-FDD7-451F-A6CA-C4FF01F3FAE9}.Debug|Any CPU.Build.0 = Debug|Any CPU
		{D2FAD02E-FDD7-451F-A6CA-C4FF01F3FAE9}.Release|Any CPU.ActiveCfg = Release|Any CPU
		{D2FAD02E-FDD7-451F-A6CA-C4FF01F3FAE9}.Release|Any CPU.Build.0 = Release|Any CPU
		{FD2EE5E7-3D87-4B83-B670-A9E7BCC54E94}.Debug|Any CPU.ActiveCfg = Debug|Any CPU
		{FD2EE5E7-3D87-4B83-B670-A9E7BCC54E94}.Debug|Any CPU.Build.0 = Debug|Any CPU
		{FD2EE5E7-3D87-4B83-B670-A9E7BCC54E94}.Release|Any CPU.ActiveCfg = Release|Any CPU
		{FD2EE5E7-3D87-4B83-B670-A9E7BCC54E94}.Release|Any CPU.Build.0 = Release|Any CPU
		{45AC384F-0C16-49CA-9F38-7E499C3DFCB9}.Debug|Any CPU.ActiveCfg = Debug|Any CPU
		{45AC384F-0C16-49CA-9F38-7E499C3DFCB9}.Debug|Any CPU.Build.0 = Debug|Any CPU
		{45AC384F-0C16-49CA-9F38-7E499C3DFCB9}.Release|Any CPU.ActiveCfg = Release|Any CPU
		{45AC384F-0C16-49CA-9F38-7E499C3DFCB9}.Release|Any CPU.Build.0 = Release|Any CPU
		{CDC111DB-FC1E-4249-9DAE-7A7685DC5908}.Debug|Any CPU.ActiveCfg = Debug|Any CPU
		{CDC111DB-FC1E-4249-9DAE-7A7685DC5908}.Debug|Any CPU.Build.0 = Debug|Any CPU
		{CDC111DB-FC1E-4249-9DAE-7A7685DC5908}.Release|Any CPU.ActiveCfg = Release|Any CPU
		{CDC111DB-FC1E-4249-9DAE-7A7685DC5908}.Release|Any CPU.Build.0 = Release|Any CPU
		{DF73E824-232A-4C70-A72E-7F06766E8813}.Debug|Any CPU.ActiveCfg = Debug|Any CPU
		{DF73E824-232A-4C70-A72E-7F06766E8813}.Debug|Any CPU.Build.0 = Debug|Any CPU
		{DF73E824-232A-4C70-A72E-7F06766E8813}.Release|Any CPU.ActiveCfg = Release|Any CPU
		{DF73E824-232A-4C70-A72E-7F06766E8813}.Release|Any CPU.Build.0 = Release|Any CPU
	EndGlobalSection
	GlobalSection(SolutionProperties) = preSolution
		HideSolutionNode = FALSE
	EndGlobalSection
	GlobalSection(ExtensibilityGlobals) = postSolution
		SolutionGuid = {C5AA27BC-A709-4A3C-8C5C-FBD92CDD86DE}
	EndGlobalSection
EndGlobal
