
Microsoft Visual Studio Solution File, Format Version 12.00
# Visual Studio Version 16
VisualStudioVersion = 16.0.30413.136
MinimumVisualStudioVersion = 10.0.40219.1
Project("{FAE04EC0-301F-11D3-BF4B-00C04F79EFBC}") = "ExerciciosArrays1", "ExerciciosArrays1\ExerciciosArrays1.csproj", "{CE675B6D-60F7-409C-BE20-2E23EA5529B0}"
EndProject
Project("{FAE04EC0-301F-11D3-BF4B-00C04F79EFBC}") = "ExerciciosArray2", "ExerciciosArray2\ExerciciosArray2.csproj", "{88A8D8A5-D545-4667-AD93-96E976AB74D0}"
EndProject
Project("{FAE04EC0-301F-11D3-BF4B-00C04F79EFBC}") = "ExerciciosArray3", "ExerciciosArray3\ExerciciosArray3.csproj", "{17D7A9B4-60DD-4231-A72A-2B9EC89A1666}"
EndProject
Project("{FAE04EC0-301F-11D3-BF4B-00C04F79EFBC}") = "ExerciciosArray4", "ExerciciosArray4\ExerciciosArray4.csproj", "{E7D7E24D-3E03-4931-8B07-B11AFCA2FE9F}"
EndProject
Global
	GlobalSection(SolutionConfigurationPlatforms) = preSolution
		Debug|Any CPU = Debug|Any CPU
		Release|Any CPU = Release|Any CPU
	EndGlobalSection
	GlobalSection(ProjectConfigurationPlatforms) = postSolution
		{CE675B6D-60F7-409C-BE20-2E23EA5529B0}.Debug|Any CPU.ActiveCfg = Debug|Any CPU
		{CE675B6D-60F7-409C-BE20-2E23EA5529B0}.Debug|Any CPU.Build.0 = Debug|Any CPU
		{CE675B6D-60F7-409C-BE20-2E23EA5529B0}.Release|Any CPU.ActiveCfg = Release|Any CPU
		{CE675B6D-60F7-409C-BE20-2E23EA5529B0}.Release|Any CPU.Build.0 = Release|Any CPU
		{88A8D8A5-D545-4667-AD93-96E976AB74D0}.Debug|Any CPU.ActiveCfg = Debug|Any CPU
		{88A8D8A5-D545-4667-AD93-96E976AB74D0}.Debug|Any CPU.Build.0 = Debug|Any CPU
		{88A8D8A5-D545-4667-AD93-96E976AB74D0}.Release|Any CPU.ActiveCfg = Release|Any CPU
		{88A8D8A5-D545-4667-AD93-96E976AB74D0}.Release|Any CPU.Build.0 = Release|Any CPU
		{17D7A9B4-60DD-4231-A72A-2B9EC89A1666}.Debug|Any CPU.ActiveCfg = Debug|Any CPU
		{17D7A9B4-60DD-4231-A72A-2B9EC89A1666}.Debug|Any CPU.Build.0 = Debug|Any CPU
		{17D7A9B4-60DD-4231-A72A-2B9EC89A1666}.Release|Any CPU.ActiveCfg = Release|Any CPU
		{17D7A9B4-60DD-4231-A72A-2B9EC89A1666}.Release|Any CPU.Build.0 = Release|Any CPU
		{E7D7E24D-3E03-4931-8B07-B11AFCA2FE9F}.Debug|Any CPU.ActiveCfg = Debug|Any CPU
		{E7D7E24D-3E03-4931-8B07-B11AFCA2FE9F}.Debug|Any CPU.Build.0 = Debug|Any CPU
		{E7D7E24D-3E03-4931-8B07-B11AFCA2FE9F}.Release|Any CPU.ActiveCfg = Release|Any CPU
		{E7D7E24D-3E03-4931-8B07-B11AFCA2FE9F}.Release|Any CPU.Build.0 = Release|Any CPU
	EndGlobalSection
	GlobalSection(SolutionProperties) = preSolution
		HideSolutionNode = FALSE
	EndGlobalSection
	GlobalSection(ExtensibilityGlobals) = postSolution
		SolutionGuid = {7459E3E9-3703-4B2C-A0E0-EAB3D703A24A}
	EndGlobalSection
EndGlobal
