
Microsoft Visual Studio Solution File, Format Version 12.00
# Visual Studio Version 16
VisualStudioVersion = 16.0.30320.27
MinimumVisualStudioVersion = 10.0.40219.1
Project("{9A19103F-16F7-4668-BE54-9A1E7A4F7556}") = "Matriz", "Matriz\Matriz.csproj", "{166222D0-9A68-49FA-B633-F746DA1E51E5}"
EndProject
Project("{9A19103F-16F7-4668-BE54-9A1E7A4F7556}") = "MatrizExercicios", "MatrizExercicios\MatrizExercicios.csproj", "{68044050-3B56-41BF-88A8-B0A66CD67BEA}"
EndProject
Project("{FAE04EC0-301F-11D3-BF4B-00C04F79EFBC}") = "Struct-estrutura", "Struct-estrutura\Struct-estrutura.csproj", "{C9D149CE-4434-4DEB-A809-3C686E59DBB4}"
EndProject
Project("{FAE04EC0-301F-11D3-BF4B-00C04F79EFBC}") = "StructExercicio1", "..\StructExercicio1\StructExercicio1.csproj", "{53D03EC1-AEA8-4542-814B-AB007945562C}"
EndProject
Project("{FAE04EC0-301F-11D3-BF4B-00C04F79EFBC}") = "MyPets", "..\MyPets\MyPets.csproj", "{BD82B3B1-AC34-403A-AA09-D2AA921C426C}"
EndProject
Project("{FAE04EC0-301F-11D3-BF4B-00C04F79EFBC}") = "AlunoMedia", "..\AlunoMedia\AlunoMedia.csproj", "{BC6B7318-4070-4AB4-8B5B-EC575D6ECD0F}"
EndProject
Project("{FAE04EC0-301F-11D3-BF4B-00C04F79EFBC}") = "Exercicio4Pessoas", "Exercicio4Pessoas\Exercicio4Pessoas.csproj", "{C74A2DF8-90D5-44C0-987E-B157725B4386}"
EndProject
Global
	GlobalSection(SolutionConfigurationPlatforms) = preSolution
		Debug|Any CPU = Debug|Any CPU
		Release|Any CPU = Release|Any CPU
	EndGlobalSection
	GlobalSection(ProjectConfigurationPlatforms) = postSolution
		{166222D0-9A68-49FA-B633-F746DA1E51E5}.Debug|Any CPU.ActiveCfg = Debug|Any CPU
		{166222D0-9A68-49FA-B633-F746DA1E51E5}.Debug|Any CPU.Build.0 = Debug|Any CPU
		{166222D0-9A68-49FA-B633-F746DA1E51E5}.Release|Any CPU.ActiveCfg = Release|Any CPU
		{166222D0-9A68-49FA-B633-F746DA1E51E5}.Release|Any CPU.Build.0 = Release|Any CPU
		{68044050-3B56-41BF-88A8-B0A66CD67BEA}.Debug|Any CPU.ActiveCfg = Debug|Any CPU
		{68044050-3B56-41BF-88A8-B0A66CD67BEA}.Debug|Any CPU.Build.0 = Debug|Any CPU
		{68044050-3B56-41BF-88A8-B0A66CD67BEA}.Release|Any CPU.ActiveCfg = Release|Any CPU
		{68044050-3B56-41BF-88A8-B0A66CD67BEA}.Release|Any CPU.Build.0 = Release|Any CPU
		{C9D149CE-4434-4DEB-A809-3C686E59DBB4}.Debug|Any CPU.ActiveCfg = Debug|Any CPU
		{C9D149CE-4434-4DEB-A809-3C686E59DBB4}.Debug|Any CPU.Build.0 = Debug|Any CPU
		{C9D149CE-4434-4DEB-A809-3C686E59DBB4}.Release|Any CPU.ActiveCfg = Release|Any CPU
		{C9D149CE-4434-4DEB-A809-3C686E59DBB4}.Release|Any CPU.Build.0 = Release|Any CPU
		{53D03EC1-AEA8-4542-814B-AB007945562C}.Debug|Any CPU.ActiveCfg = Debug|Any CPU
		{53D03EC1-AEA8-4542-814B-AB007945562C}.Debug|Any CPU.Build.0 = Debug|Any CPU
		{53D03EC1-AEA8-4542-814B-AB007945562C}.Release|Any CPU.ActiveCfg = Release|Any CPU
		{53D03EC1-AEA8-4542-814B-AB007945562C}.Release|Any CPU.Build.0 = Release|Any CPU
		{BD82B3B1-AC34-403A-AA09-D2AA921C426C}.Debug|Any CPU.ActiveCfg = Debug|Any CPU
		{BD82B3B1-AC34-403A-AA09-D2AA921C426C}.Debug|Any CPU.Build.0 = Debug|Any CPU
		{BD82B3B1-AC34-403A-AA09-D2AA921C426C}.Release|Any CPU.ActiveCfg = Release|Any CPU
		{BD82B3B1-AC34-403A-AA09-D2AA921C426C}.Release|Any CPU.Build.0 = Release|Any CPU
		{BC6B7318-4070-4AB4-8B5B-EC575D6ECD0F}.Debug|Any CPU.ActiveCfg = Debug|Any CPU
		{BC6B7318-4070-4AB4-8B5B-EC575D6ECD0F}.Debug|Any CPU.Build.0 = Debug|Any CPU
		{BC6B7318-4070-4AB4-8B5B-EC575D6ECD0F}.Release|Any CPU.ActiveCfg = Release|Any CPU
		{BC6B7318-4070-4AB4-8B5B-EC575D6ECD0F}.Release|Any CPU.Build.0 = Release|Any CPU
		{C74A2DF8-90D5-44C0-987E-B157725B4386}.Debug|Any CPU.ActiveCfg = Debug|Any CPU
		{C74A2DF8-90D5-44C0-987E-B157725B4386}.Debug|Any CPU.Build.0 = Debug|Any CPU
		{C74A2DF8-90D5-44C0-987E-B157725B4386}.Release|Any CPU.ActiveCfg = Release|Any CPU
		{C74A2DF8-90D5-44C0-987E-B157725B4386}.Release|Any CPU.Build.0 = Release|Any CPU
	EndGlobalSection
	GlobalSection(SolutionProperties) = preSolution
		HideSolutionNode = FALSE
	EndGlobalSection
	GlobalSection(ExtensibilityGlobals) = postSolution
		SolutionGuid = {DBE8A05F-D8AB-428B-9D5F-021DC0088BA8}
	EndGlobalSection
EndGlobal
