
Microsoft Visual Studio Solution File, Format Version 12.00
# Visual Studio Version 16
VisualStudioVersion = 16.0.30503.244
MinimumVisualStudioVersion = 10.0.40219.1
Project("{FAE04EC0-301F-11D3-BF4B-00C04F79EFBC}") = "AulaConstrutor", "AulaConstrutor\AulaConstrutor.csproj", "{924A601E-563E-4055-A615-2454C3E17BA6}"
EndProject
Project("{FAE04EC0-301F-11D3-BF4B-00C04F79EFBC}") = "ExerciciosOOpt2", "ExerciciosOOpt2\ExerciciosOOpt2.csproj", "{6CA4B642-3E54-4961-88A1-D9E238E048B0}"
EndProject
Global
	GlobalSection(SolutionConfigurationPlatforms) = preSolution
		Debug|Any CPU = Debug|Any CPU
		Release|Any CPU = Release|Any CPU
	EndGlobalSection
	GlobalSection(ProjectConfigurationPlatforms) = postSolution
		{924A601E-563E-4055-A615-2454C3E17BA6}.Debug|Any CPU.ActiveCfg = Debug|Any CPU
		{924A601E-563E-4055-A615-2454C3E17BA6}.Debug|Any CPU.Build.0 = Debug|Any CPU
		{924A601E-563E-4055-A615-2454C3E17BA6}.Release|Any CPU.ActiveCfg = Release|Any CPU
		{924A601E-563E-4055-A615-2454C3E17BA6}.Release|Any CPU.Build.0 = Release|Any CPU
		{6CA4B642-3E54-4961-88A1-D9E238E048B0}.Debug|Any CPU.ActiveCfg = Debug|Any CPU
		{6CA4B642-3E54-4961-88A1-D9E238E048B0}.Debug|Any CPU.Build.0 = Debug|Any CPU
		{6CA4B642-3E54-4961-88A1-D9E238E048B0}.Release|Any CPU.ActiveCfg = Release|Any CPU
		{6CA4B642-3E54-4961-88A1-D9E238E048B0}.Release|Any CPU.Build.0 = Release|Any CPU
	EndGlobalSection
	GlobalSection(SolutionProperties) = preSolution
		HideSolutionNode = FALSE
	EndGlobalSection
	GlobalSection(ExtensibilityGlobals) = postSolution
		SolutionGuid = {001C1D86-7B6B-4858-ADBF-F6836FB2D1A1}
	EndGlobalSection
EndGlobal
