
Microsoft Visual Studio Solution File, Format Version 12.00
# Visual Studio Version 16
VisualStudioVersion = 16.0.30717.126
MinimumVisualStudioVersion = 10.0.40219.1
Project("{FAE04EC0-301F-11D3-BF4B-00C04F79EFBC}") = "Aula22", "Aula22\Aula22.csproj", "{547C20A1-6017-44DE-A23D-49FDB9CFBB6F}"
EndProject
Global
	GlobalSection(SolutionConfigurationPlatforms) = preSolution
		Debug|Any CPU = Debug|Any CPU
		Release|Any CPU = Release|Any CPU
	EndGlobalSection
	GlobalSection(ProjectConfigurationPlatforms) = postSolution
		{547C20A1-6017-44DE-A23D-49FDB9CFBB6F}.Debug|Any CPU.ActiveCfg = Debug|Any CPU
		{547C20A1-6017-44DE-A23D-49FDB9CFBB6F}.Debug|Any CPU.Build.0 = Debug|Any CPU
		{547C20A1-6017-44DE-A23D-49FDB9CFBB6F}.Release|Any CPU.ActiveCfg = Release|Any CPU
		{547C20A1-6017-44DE-A23D-49FDB9CFBB6F}.Release|Any CPU.Build.0 = Release|Any CPU
	EndGlobalSection
	GlobalSection(SolutionProperties) = preSolution
		HideSolutionNode = FALSE
	EndGlobalSection
	GlobalSection(ExtensibilityGlobals) = postSolution
		SolutionGuid = {0917847A-19EE-4A79-ACCD-C88351D7F3CF}
	EndGlobalSection
EndGlobal
