
Microsoft Visual Studio Solution File, Format Version 12.00
# Visual Studio Version 16
VisualStudioVersion = 16.0.30503.244
MinimumVisualStudioVersion = 10.0.40219.1
Project("{FAE04EC0-301F-11D3-BF4B-00C04F79EFBC}") = "Aula06", "Aula06\Aula06.csproj", "{14232E59-868D-46C2-B158-AA15229871D5}"
EndProject
Global
	GlobalSection(SolutionConfigurationPlatforms) = preSolution
		Debug|Any CPU = Debug|Any CPU
		Release|Any CPU = Release|Any CPU
	EndGlobalSection
	GlobalSection(ProjectConfigurationPlatforms) = postSolution
		{14232E59-868D-46C2-B158-AA15229871D5}.Debug|Any CPU.ActiveCfg = Debug|Any CPU
		{14232E59-868D-46C2-B158-AA15229871D5}.Debug|Any CPU.Build.0 = Debug|Any CPU
		{14232E59-868D-46C2-B158-AA15229871D5}.Release|Any CPU.ActiveCfg = Release|Any CPU
		{14232E59-868D-46C2-B158-AA15229871D5}.Release|Any CPU.Build.0 = Release|Any CPU
	EndGlobalSection
	GlobalSection(SolutionProperties) = preSolution
		HideSolutionNode = FALSE
	EndGlobalSection
	GlobalSection(ExtensibilityGlobals) = postSolution
		SolutionGuid = {C3621592-9835-4838-A359-6E2360280B21}
	EndGlobalSection
EndGlobal
