
Microsoft Visual Studio Solution File, Format Version 12.00
# Visual Studio Version 16
VisualStudioVersion = 16.0.30503.244
MinimumVisualStudioVersion = 10.0.40219.1
Project("{9A19103F-16F7-4668-BE54-9A1E7A4F7556}") = "Aula10", "Aula10\Aula10.csproj", "{00136600-0907-427C-BF50-FFD2177967E3}"
EndProject
Project("{9A19103F-16F7-4668-BE54-9A1E7A4F7556}") = "ExerciciosOOpt101Exerc01", "ExerciciosOOpt101Exerc01\ExerciciosOOpt101Exerc01.csproj", "{6880A4AD-11BA-4243-A812-1EFD8177DC79}"
EndProject
Project("{9A19103F-16F7-4668-BE54-9A1E7A4F7556}") = "ExerciciosOOpt101Exerc02", "ExerciciosOOpt101Exerc02\ExerciciosOOpt101Exerc02.csproj", "{68E2C560-F1EE-4DCB-9876-4D233E66D331}"
EndProject
Project("{9A19103F-16F7-4668-BE54-9A1E7A4F7556}") = "ExerciciosOOpt101Exerc03", "ExerciciosOOpt101Exerc03\ExerciciosOOpt101Exerc03.csproj", "{62807F34-BF5C-48F0-ACD3-26C38B7F52FB}"
EndProject
Project("{FAE04EC0-301F-11D3-BF4B-00C04F79EFBC}") = "ExerciciosOOpt101Exerc04", "ExerciciosOOpt101Exerc04\ExerciciosOOpt101Exerc04.csproj", "{D21074F4-5BCC-4BA0-9D54-3ED05D77D61B}"
EndProject
Project("{FAE04EC0-301F-11D3-BF4B-00C04F79EFBC}") = "ExerciciosOOpt101Exerc05", "ExerciciosOOpt101Exerc05\ExerciciosOOpt101Exerc05.csproj", "{12E00137-0B6E-4AEA-B7CC-68A82CCE0C3B}"
EndProject
Project("{FAE04EC0-301F-11D3-BF4B-00C04F79EFBC}") = "ExerciciosOOpt101Exerc06", "ExerciciosOOpt101Exerc06\ExerciciosOOpt101Exerc06.csproj", "{230233B2-99A2-4A12-95D7-B94081965977}"
EndProject
Project("{FAE04EC0-301F-11D3-BF4B-00C04F79EFBC}") = "ExerciciosOOpt101Exerc07", "ExerciciosOOpt101Exerc07\ExerciciosOOpt101Exerc07.csproj", "{85689F8C-B629-455A-88B4-19A393491AED}"
EndProject
Project("{FAE04EC0-301F-11D3-BF4B-00C04F79EFBC}") = "ExerciciosOOpt102Exerc01", "ExerciciosOOpt102Exerc01\ExerciciosOOpt102Exerc01.csproj", "{409D5EF3-9E7B-4E33-8F19-C4A6E37CE85C}"
EndProject
Project("{FAE04EC0-301F-11D3-BF4B-00C04F79EFBC}") = "ExerciciosOOpt103Exerc01", "ExerciciosOOpt103Exerc01\ExerciciosOOpt103Exerc01.csproj", "{B357290F-65F8-48DC-9F3C-A3BE037F264E}"
EndProject
Project("{FAE04EC0-301F-11D3-BF4B-00C04F79EFBC}") = "ExerciciosOOpt104Exerc01", "ExerciciosOOpt104Exerc01\ExerciciosOOpt104Exerc01.csproj", "{E0B438B1-E92B-407B-B721-F74644FE8BBF}"
EndProject
Project("{FAE04EC0-301F-11D3-BF4B-00C04F79EFBC}") = "ExerciciosOOpt102Exerc02", "ExerciciosOOpt102Exerc02\ExerciciosOOpt102Exerc02.csproj", "{4A99746B-E82C-450A-ADF6-8EBD8AE5667E}"
EndProject
Project("{FAE04EC0-301F-11D3-BF4B-00C04F79EFBC}") = "ExerciciosOOpt102Exerc03", "ExerciciosOOpt102Exerc03\ExerciciosOOpt102Exerc03.csproj", "{F9C6D700-4C2C-4F95-9FF6-DE3300286AFA}"
EndProject
Project("{FAE04EC0-301F-11D3-BF4B-00C04F79EFBC}") = "ExerciciosOOpt102Exerc04", "ExerciciosOOpt102Exerc04\ExerciciosOOpt102Exerc04.csproj", "{911A59C8-3884-4FE3-AC08-6879D424809B}"
EndProject
Project("{FAE04EC0-301F-11D3-BF4B-00C04F79EFBC}") = "ExerciciosOOpt103Exerc02", "ExerciciosOOpt103Exerc02\ExerciciosOOpt103Exerc02.csproj", "{1A8E0468-45B5-4F35-AC16-1723660CEA97}"
EndProject
Project("{FAE04EC0-301F-11D3-BF4B-00C04F79EFBC}") = "ExerciciosOOpt103Exerc03", "ExerciciosOOpt103Exerc03\ExerciciosOOpt103Exerc03.csproj", "{84A9C030-AAFC-4D5A-810C-487714FD1857}"
EndProject
Project("{FAE04EC0-301F-11D3-BF4B-00C04F79EFBC}") = "ExerciciosOOpt103Exerc04", "ExerciciosOOpt103Exerc04\ExerciciosOOpt103Exerc04.csproj", "{24278CD6-CC2D-4FAF-B7E0-C1CF899A2B09}"
EndProject
Project("{FAE04EC0-301F-11D3-BF4B-00C04F79EFBC}") = "ExerciciosOOpt104Exerc02", "ExerciciosOOpt104Exerc02\ExerciciosOOpt104Exerc02.csproj", "{07A2F297-CD6A-458E-BC39-B897FCCCBED6}"
EndProject
Project("{FAE04EC0-301F-11D3-BF4B-00C04F79EFBC}") = "ExerciciosOOpt104Exerc03", "ExerciciosOOpt104Exerc03\ExerciciosOOpt104Exerc03.csproj", "{01BE957B-E400-4BEF-84D3-DB29B8C03A11}"
EndProject
Project("{FAE04EC0-301F-11D3-BF4B-00C04F79EFBC}") = "ExerciciosOOpt104Exerc04", "ExerciciosOOpt104Exerc04\ExerciciosOOpt104Exerc04.csproj", "{F87D839C-F4AC-428B-B663-DA31B2C99E87}"
EndProject
Project("{FAE04EC0-301F-11D3-BF4B-00C04F79EFBC}") = "AulaConstrutor", "AulaConstrutor\AulaConstrutor.csproj", "{31D4BFAE-7B02-4516-B449-7E3FA3D4DC30}"
EndProject
Global
	GlobalSection(SolutionConfigurationPlatforms) = preSolution
		Debug|Any CPU = Debug|Any CPU
		Release|Any CPU = Release|Any CPU
	EndGlobalSection
	GlobalSection(ProjectConfigurationPlatforms) = postSolution
		{00136600-0907-427C-BF50-FFD2177967E3}.Debug|Any CPU.ActiveCfg = Debug|Any CPU
		{00136600-0907-427C-BF50-FFD2177967E3}.Debug|Any CPU.Build.0 = Debug|Any CPU
		{00136600-0907-427C-BF50-FFD2177967E3}.Release|Any CPU.ActiveCfg = Release|Any CPU
		{00136600-0907-427C-BF50-FFD2177967E3}.Release|Any CPU.Build.0 = Release|Any CPU
		{6880A4AD-11BA-4243-A812-1EFD8177DC79}.Debug|Any CPU.ActiveCfg = Debug|Any CPU
		{6880A4AD-11BA-4243-A812-1EFD8177DC79}.Debug|Any CPU.Build.0 = Debug|Any CPU
		{6880A4AD-11BA-4243-A812-1EFD8177DC79}.Release|Any CPU.ActiveCfg = Release|Any CPU
		{6880A4AD-11BA-4243-A812-1EFD8177DC79}.Release|Any CPU.Build.0 = Release|Any CPU
		{68E2C560-F1EE-4DCB-9876-4D233E66D331}.Debug|Any CPU.ActiveCfg = Debug|Any CPU
		{68E2C560-F1EE-4DCB-9876-4D233E66D331}.Debug|Any CPU.Build.0 = Debug|Any CPU
		{68E2C560-F1EE-4DCB-9876-4D233E66D331}.Release|Any CPU.ActiveCfg = Release|Any CPU
		{68E2C560-F1EE-4DCB-9876-4D233E66D331}.Release|Any CPU.Build.0 = Release|Any CPU
		{62807F34-BF5C-48F0-ACD3-26C38B7F52FB}.Debug|Any CPU.ActiveCfg = Debug|Any CPU
		{62807F34-BF5C-48F0-ACD3-26C38B7F52FB}.Debug|Any CPU.Build.0 = Debug|Any CPU
		{62807F34-BF5C-48F0-ACD3-26C38B7F52FB}.Release|Any CPU.ActiveCfg = Release|Any CPU
		{62807F34-BF5C-48F0-ACD3-26C38B7F52FB}.Release|Any CPU.Build.0 = Release|Any CPU
		{D21074F4-5BCC-4BA0-9D54-3ED05D77D61B}.Debug|Any CPU.ActiveCfg = Debug|Any CPU
		{D21074F4-5BCC-4BA0-9D54-3ED05D77D61B}.Debug|Any CPU.Build.0 = Debug|Any CPU
		{D21074F4-5BCC-4BA0-9D54-3ED05D77D61B}.Release|Any CPU.ActiveCfg = Release|Any CPU
		{D21074F4-5BCC-4BA0-9D54-3ED05D77D61B}.Release|Any CPU.Build.0 = Release|Any CPU
		{12E00137-0B6E-4AEA-B7CC-68A82CCE0C3B}.Debug|Any CPU.ActiveCfg = Debug|Any CPU
		{12E00137-0B6E-4AEA-B7CC-68A82CCE0C3B}.Debug|Any CPU.Build.0 = Debug|Any CPU
		{12E00137-0B6E-4AEA-B7CC-68A82CCE0C3B}.Release|Any CPU.ActiveCfg = Release|Any CPU
		{12E00137-0B6E-4AEA-B7CC-68A82CCE0C3B}.Release|Any CPU.Build.0 = Release|Any CPU
		{230233B2-99A2-4A12-95D7-B94081965977}.Debug|Any CPU.ActiveCfg = Debug|Any CPU
		{230233B2-99A2-4A12-95D7-B94081965977}.Debug|Any CPU.Build.0 = Debug|Any CPU
		{230233B2-99A2-4A12-95D7-B94081965977}.Release|Any CPU.ActiveCfg = Release|Any CPU
		{230233B2-99A2-4A12-95D7-B94081965977}.Release|Any CPU.Build.0 = Release|Any CPU
		{85689F8C-B629-455A-88B4-19A393491AED}.Debug|Any CPU.ActiveCfg = Debug|Any CPU
		{85689F8C-B629-455A-88B4-19A393491AED}.Debug|Any CPU.Build.0 = Debug|Any CPU
		{85689F8C-B629-455A-88B4-19A393491AED}.Release|Any CPU.ActiveCfg = Release|Any CPU
		{85689F8C-B629-455A-88B4-19A393491AED}.Release|Any CPU.Build.0 = Release|Any CPU
		{409D5EF3-9E7B-4E33-8F19-C4A6E37CE85C}.Debug|Any CPU.ActiveCfg = Debug|Any CPU
		{409D5EF3-9E7B-4E33-8F19-C4A6E37CE85C}.Debug|Any CPU.Build.0 = Debug|Any CPU
		{409D5EF3-9E7B-4E33-8F19-C4A6E37CE85C}.Release|Any CPU.ActiveCfg = Release|Any CPU
		{409D5EF3-9E7B-4E33-8F19-C4A6E37CE85C}.Release|Any CPU.Build.0 = Release|Any CPU
		{B357290F-65F8-48DC-9F3C-A3BE037F264E}.Debug|Any CPU.ActiveCfg = Debug|Any CPU
		{B357290F-65F8-48DC-9F3C-A3BE037F264E}.Debug|Any CPU.Build.0 = Debug|Any CPU
		{B357290F-65F8-48DC-9F3C-A3BE037F264E}.Release|Any CPU.ActiveCfg = Release|Any CPU
		{B357290F-65F8-48DC-9F3C-A3BE037F264E}.Release|Any CPU.Build.0 = Release|Any CPU
		{E0B438B1-E92B-407B-B721-F74644FE8BBF}.Debug|Any CPU.ActiveCfg = Debug|Any CPU
		{E0B438B1-E92B-407B-B721-F74644FE8BBF}.Debug|Any CPU.Build.0 = Debug|Any CPU
		{E0B438B1-E92B-407B-B721-F74644FE8BBF}.Release|Any CPU.ActiveCfg = Release|Any CPU
		{E0B438B1-E92B-407B-B721-F74644FE8BBF}.Release|Any CPU.Build.0 = Release|Any CPU
		{4A99746B-E82C-450A-ADF6-8EBD8AE5667E}.Debug|Any CPU.ActiveCfg = Debug|Any CPU
		{4A99746B-E82C-450A-ADF6-8EBD8AE5667E}.Debug|Any CPU.Build.0 = Debug|Any CPU
		{4A99746B-E82C-450A-ADF6-8EBD8AE5667E}.Release|Any CPU.ActiveCfg = Release|Any CPU
		{4A99746B-E82C-450A-ADF6-8EBD8AE5667E}.Release|Any CPU.Build.0 = Release|Any CPU
		{F9C6D700-4C2C-4F95-9FF6-DE3300286AFA}.Debug|Any CPU.ActiveCfg = Debug|Any CPU
		{F9C6D700-4C2C-4F95-9FF6-DE3300286AFA}.Debug|Any CPU.Build.0 = Debug|Any CPU
		{F9C6D700-4C2C-4F95-9FF6-DE3300286AFA}.Release|Any CPU.ActiveCfg = Release|Any CPU
		{F9C6D700-4C2C-4F95-9FF6-DE3300286AFA}.Release|Any CPU.Build.0 = Release|Any CPU
		{911A59C8-3884-4FE3-AC08-6879D424809B}.Debug|Any CPU.ActiveCfg = Debug|Any CPU
		{911A59C8-3884-4FE3-AC08-6879D424809B}.Debug|Any CPU.Build.0 = Debug|Any CPU
		{911A59C8-3884-4FE3-AC08-6879D424809B}.Release|Any CPU.ActiveCfg = Release|Any CPU
		{911A59C8-3884-4FE3-AC08-6879D424809B}.Release|Any CPU.Build.0 = Release|Any CPU
		{1A8E0468-45B5-4F35-AC16-1723660CEA97}.Debug|Any CPU.ActiveCfg = Debug|Any CPU
		{1A8E0468-45B5-4F35-AC16-1723660CEA97}.Debug|Any CPU.Build.0 = Debug|Any CPU
		{1A8E0468-45B5-4F35-AC16-1723660CEA97}.Release|Any CPU.ActiveCfg = Release|Any CPU
		{1A8E0468-45B5-4F35-AC16-1723660CEA97}.Release|Any CPU.Build.0 = Release|Any CPU
		{84A9C030-AAFC-4D5A-810C-487714FD1857}.Debug|Any CPU.ActiveCfg = Debug|Any CPU
		{84A9C030-AAFC-4D5A-810C-487714FD1857}.Debug|Any CPU.Build.0 = Debug|Any CPU
		{84A9C030-AAFC-4D5A-810C-487714FD1857}.Release|Any CPU.ActiveCfg = Release|Any CPU
		{84A9C030-AAFC-4D5A-810C-487714FD1857}.Release|Any CPU.Build.0 = Release|Any CPU
		{24278CD6-CC2D-4FAF-B7E0-C1CF899A2B09}.Debug|Any CPU.ActiveCfg = Debug|Any CPU
		{24278CD6-CC2D-4FAF-B7E0-C1CF899A2B09}.Debug|Any CPU.Build.0 = Debug|Any CPU
		{24278CD6-CC2D-4FAF-B7E0-C1CF899A2B09}.Release|Any CPU.ActiveCfg = Release|Any CPU
		{24278CD6-CC2D-4FAF-B7E0-C1CF899A2B09}.Release|Any CPU.Build.0 = Release|Any CPU
		{07A2F297-CD6A-458E-BC39-B897FCCCBED6}.Debug|Any CPU.ActiveCfg = Debug|Any CPU
		{07A2F297-CD6A-458E-BC39-B897FCCCBED6}.Debug|Any CPU.Build.0 = Debug|Any CPU
		{07A2F297-CD6A-458E-BC39-B897FCCCBED6}.Release|Any CPU.ActiveCfg = Release|Any CPU
		{07A2F297-CD6A-458E-BC39-B897FCCCBED6}.Release|Any CPU.Build.0 = Release|Any CPU
		{01BE957B-E400-4BEF-84D3-DB29B8C03A11}.Debug|Any CPU.ActiveCfg = Debug|Any CPU
		{01BE957B-E400-4BEF-84D3-DB29B8C03A11}.Debug|Any CPU.Build.0 = Debug|Any CPU
		{01BE957B-E400-4BEF-84D3-DB29B8C03A11}.Release|Any CPU.ActiveCfg = Release|Any CPU
		{01BE957B-E400-4BEF-84D3-DB29B8C03A11}.Release|Any CPU.Build.0 = Release|Any CPU
		{F87D839C-F4AC-428B-B663-DA31B2C99E87}.Debug|Any CPU.ActiveCfg = Debug|Any CPU
		{F87D839C-F4AC-428B-B663-DA31B2C99E87}.Debug|Any CPU.Build.0 = Debug|Any CPU
		{F87D839C-F4AC-428B-B663-DA31B2C99E87}.Release|Any CPU.ActiveCfg = Release|Any CPU
		{F87D839C-F4AC-428B-B663-DA31B2C99E87}.Release|Any CPU.Build.0 = Release|Any CPU
		{31D4BFAE-7B02-4516-B449-7E3FA3D4DC30}.Debug|Any CPU.ActiveCfg = Debug|Any CPU
		{31D4BFAE-7B02-4516-B449-7E3FA3D4DC30}.Debug|Any CPU.Build.0 = Debug|Any CPU
		{31D4BFAE-7B02-4516-B449-7E3FA3D4DC30}.Release|Any CPU.ActiveCfg = Release|Any CPU
		{31D4BFAE-7B02-4516-B449-7E3FA3D4DC30}.Release|Any CPU.Build.0 = Release|Any CPU
	EndGlobalSection
	GlobalSection(SolutionProperties) = preSolution
		HideSolutionNode = FALSE
	EndGlobalSection
	GlobalSection(ExtensibilityGlobals) = postSolution
		SolutionGuid = {89C45E5B-50AD-4A4E-A8D0-B5DE5747CA17}
	EndGlobalSection
EndGlobal
