
Microsoft Visual Studio Solution File, Format Version 12.00
# Visual Studio Version 16
VisualStudioVersion = 16.0.30907.101
MinimumVisualStudioVersion = 10.0.40219.1
Project("{FAE04EC0-301F-11D3-BF4B-00C04F79EFBC}") = "Aula29", "Aula29\Aula29.csproj", "{1CDFEB54-C9CE-4D9F-90E8-814D380AD070}"
EndProject
Global
	GlobalSection(SolutionConfigurationPlatforms) = preSolution
		Debug|Any CPU = Debug|Any CPU
		Release|Any CPU = Release|Any CPU
	EndGlobalSection
	GlobalSection(ProjectConfigurationPlatforms) = postSolution
		{1CDFEB54-C9CE-4D9F-90E8-814D380AD070}.Debug|Any CPU.ActiveCfg = Debug|Any CPU
		{1CDFEB54-C9CE-4D9F-90E8-814D380AD070}.Debug|Any CPU.Build.0 = Debug|Any CPU
		{1CDFEB54-C9CE-4D9F-90E8-814D380AD070}.Release|Any CPU.ActiveCfg = Release|Any CPU
		{1CDFEB54-C9CE-4D9F-90E8-814D380AD070}.Release|Any CPU.Build.0 = Release|Any CPU
	EndGlobalSection
	GlobalSection(SolutionProperties) = preSolution
		HideSolutionNode = FALSE
	EndGlobalSection
	GlobalSection(ExtensibilityGlobals) = postSolution
		SolutionGuid = {E63F066C-A831-48C5-8742-1DE9797D09D0}
	EndGlobalSection
EndGlobal
