
Microsoft Visual Studio Solution File, Format Version 12.00
# Visual Studio Version 16
VisualStudioVersion = 16.0.30503.244
MinimumVisualStudioVersion = 10.0.40219.1
Project("{9A19103F-16F7-4668-BE54-9A1E7A4F7556}") = "Aula03", "Aula03\Aula03.csproj", "{39B171D8-EA1F-4971-B63A-056679BBC887}"
EndProject
Project("{9A19103F-16F7-4668-BE54-9A1E7A4F7556}") = "ExerciciosDeSe01Exerc01", "ExerciciosDeSe01Exerc01\ExerciciosDeSe01Exerc01.csproj", "{A2D4BA50-84D6-4D7D-913A-46A350D87752}"
EndProject
Project("{9A19103F-16F7-4668-BE54-9A1E7A4F7556}") = "ExerciciosDeSe01Exerc02", "ExerciciosDeSe01Exerc02\ExerciciosDeSe01Exerc02.csproj", "{D443640C-F279-420C-8082-BDD9F4916301}"
EndProject
Project("{9A19103F-16F7-4668-BE54-9A1E7A4F7556}") = "ExerciciosDeSe01Exerc03", "ExerciciosDeSe01Exerc03\ExerciciosDeSe01Exerc03.csproj", "{8AE0755B-6AD6-4A16-A668-029B29382894}"
EndProject
Project("{9A19103F-16F7-4668-BE54-9A1E7A4F7556}") = "ExerciciosDeSe01Exerc05", "ExerciciosDeSe01Exerc05\ExerciciosDeSe01Exerc05.csproj", "{9F3D936E-A06C-4501-910E-E343B3C92460}"
EndProject
Project("{9A19103F-16F7-4668-BE54-9A1E7A4F7556}") = "ExerciciosDeSe01Exerc04", "ExerciciosDeSe01Exerc04\ExerciciosDeSe01Exerc04.csproj", "{D4559D8D-9AD1-484B-8B01-34F011E0818B}"
EndProject
Project("{FAE04EC0-301F-11D3-BF4B-00C04F79EFBC}") = "ExerciciosDeSe01Exerc06", "ExerciciosDeSe01Exerc06\ExerciciosDeSe01Exerc06.csproj", "{9C2889AE-0BB5-4426-83F1-2DEF4F8BF2FB}"
EndProject
Project("{FAE04EC0-301F-11D3-BF4B-00C04F79EFBC}") = "ExerciciosDeSe01Exerc07", "ExerciciosDeSe01Exerc07\ExerciciosDeSe01Exerc07.csproj", "{31383D28-1F13-4639-97CB-B5D28BC2DB52}"
EndProject
Project("{FAE04EC0-301F-11D3-BF4B-00C04F79EFBC}") = "ExerciciosDeSe01Exerc08", "ExerciciosDeSe01Exerc08\ExerciciosDeSe01Exerc08.csproj", "{0182AA96-FC4C-4D42-836E-FFFCEADFEDBB}"
EndProject
Project("{FAE04EC0-301F-11D3-BF4B-00C04F79EFBC}") = "ExerciciosDeSe01Exerc09", "ExerciciosDeSe01Exerc09\ExerciciosDeSe01Exerc09.csproj", "{75FF0B52-EF76-45B7-A07A-DD5DF879E56E}"
EndProject
Project("{FAE04EC0-301F-11D3-BF4B-00C04F79EFBC}") = "ExerciciosDeSe01Exerc10", "ExerciciosDeSe01Exerc10\ExerciciosDeSe01Exerc10.csproj", "{3823979E-8FDB-4A39-968C-C8E0EDA83BD7}"
EndProject
Project("{FAE04EC0-301F-11D3-BF4B-00C04F79EFBC}") = "ExercicioAvancado", "ExercicioAvancado\ExercicioAvancado.csproj", "{95DC316E-C1F2-47E8-B1D7-B61A681FD10A}"
EndProject
Project("{FAE04EC0-301F-11D3-BF4B-00C04F79EFBC}") = "ExerciciosDeSe02Exerc01", "ExerciciosDeSe02Exerc01\ExerciciosDeSe02Exerc01.csproj", "{D91424C9-7CFA-4D38-B698-CBDEA0A8941A}"
EndProject
Project("{FAE04EC0-301F-11D3-BF4B-00C04F79EFBC}") = "ExerciciosDeSe02Exerc02", "ExerciciosDeSe02Exerc02\ExerciciosDeSe02Exerc02.csproj", "{A8D015EC-DBA3-4D15-A411-41B47C0D8076}"
EndProject
Project("{FAE04EC0-301F-11D3-BF4B-00C04F79EFBC}") = "ExerciciosDeSe02Exerc03", "ExerciciosDeSe02Exerc03\ExerciciosDeSe02Exerc03.csproj", "{E41F3FB3-EA1F-4FC5-997D-F5524DEE5233}"
EndProject
Global
	GlobalSection(SolutionConfigurationPlatforms) = preSolution
		Debug|Any CPU = Debug|Any CPU
		Release|Any CPU = Release|Any CPU
	EndGlobalSection
	GlobalSection(ProjectConfigurationPlatforms) = postSolution
		{39B171D8-EA1F-4971-B63A-056679BBC887}.Debug|Any CPU.ActiveCfg = Debug|Any CPU
		{39B171D8-EA1F-4971-B63A-056679BBC887}.Debug|Any CPU.Build.0 = Debug|Any CPU
		{39B171D8-EA1F-4971-B63A-056679BBC887}.Release|Any CPU.ActiveCfg = Release|Any CPU
		{39B171D8-EA1F-4971-B63A-056679BBC887}.Release|Any CPU.Build.0 = Release|Any CPU
		{A2D4BA50-84D6-4D7D-913A-46A350D87752}.Debug|Any CPU.ActiveCfg = Debug|Any CPU
		{A2D4BA50-84D6-4D7D-913A-46A350D87752}.Debug|Any CPU.Build.0 = Debug|Any CPU
		{A2D4BA50-84D6-4D7D-913A-46A350D87752}.Release|Any CPU.ActiveCfg = Release|Any CPU
		{A2D4BA50-84D6-4D7D-913A-46A350D87752}.Release|Any CPU.Build.0 = Release|Any CPU
		{D443640C-F279-420C-8082-BDD9F4916301}.Debug|Any CPU.ActiveCfg = Debug|Any CPU
		{D443640C-F279-420C-8082-BDD9F4916301}.Debug|Any CPU.Build.0 = Debug|Any CPU
		{D443640C-F279-420C-8082-BDD9F4916301}.Release|Any CPU.ActiveCfg = Release|Any CPU
		{D443640C-F279-420C-8082-BDD9F4916301}.Release|Any CPU.Build.0 = Release|Any CPU
		{8AE0755B-6AD6-4A16-A668-029B29382894}.Debug|Any CPU.ActiveCfg = Debug|Any CPU
		{8AE0755B-6AD6-4A16-A668-029B29382894}.Debug|Any CPU.Build.0 = Debug|Any CPU
		{8AE0755B-6AD6-4A16-A668-029B29382894}.Release|Any CPU.ActiveCfg = Release|Any CPU
		{8AE0755B-6AD6-4A16-A668-029B29382894}.Release|Any CPU.Build.0 = Release|Any CPU
		{9F3D936E-A06C-4501-910E-E343B3C92460}.Debug|Any CPU.ActiveCfg = Debug|Any CPU
		{9F3D936E-A06C-4501-910E-E343B3C92460}.Debug|Any CPU.Build.0 = Debug|Any CPU
		{9F3D936E-A06C-4501-910E-E343B3C92460}.Release|Any CPU.ActiveCfg = Release|Any CPU
		{9F3D936E-A06C-4501-910E-E343B3C92460}.Release|Any CPU.Build.0 = Release|Any CPU
		{D4559D8D-9AD1-484B-8B01-34F011E0818B}.Debug|Any CPU.ActiveCfg = Debug|Any CPU
		{D4559D8D-9AD1-484B-8B01-34F011E0818B}.Debug|Any CPU.Build.0 = Debug|Any CPU
		{D4559D8D-9AD1-484B-8B01-34F011E0818B}.Release|Any CPU.ActiveCfg = Release|Any CPU
		{D4559D8D-9AD1-484B-8B01-34F011E0818B}.Release|Any CPU.Build.0 = Release|Any CPU
		{9C2889AE-0BB5-4426-83F1-2DEF4F8BF2FB}.Debug|Any CPU.ActiveCfg = Debug|Any CPU
		{9C2889AE-0BB5-4426-83F1-2DEF4F8BF2FB}.Debug|Any CPU.Build.0 = Debug|Any CPU
		{9C2889AE-0BB5-4426-83F1-2DEF4F8BF2FB}.Release|Any CPU.ActiveCfg = Release|Any CPU
		{9C2889AE-0BB5-4426-83F1-2DEF4F8BF2FB}.Release|Any CPU.Build.0 = Release|Any CPU
		{31383D28-1F13-4639-97CB-B5D28BC2DB52}.Debug|Any CPU.ActiveCfg = Debug|Any CPU
		{31383D28-1F13-4639-97CB-B5D28BC2DB52}.Debug|Any CPU.Build.0 = Debug|Any CPU
		{31383D28-1F13-4639-97CB-B5D28BC2DB52}.Release|Any CPU.ActiveCfg = Release|Any CPU
		{31383D28-1F13-4639-97CB-B5D28BC2DB52}.Release|Any CPU.Build.0 = Release|Any CPU
		{0182AA96-FC4C-4D42-836E-FFFCEADFEDBB}.Debug|Any CPU.ActiveCfg = Debug|Any CPU
		{0182AA96-FC4C-4D42-836E-FFFCEADFEDBB}.Debug|Any CPU.Build.0 = Debug|Any CPU
		{0182AA96-FC4C-4D42-836E-FFFCEADFEDBB}.Release|Any CPU.ActiveCfg = Release|Any CPU
		{0182AA96-FC4C-4D42-836E-FFFCEADFEDBB}.Release|Any CPU.Build.0 = Release|Any CPU
		{75FF0B52-EF76-45B7-A07A-DD5DF879E56E}.Debug|Any CPU.ActiveCfg = Debug|Any CPU
		{75FF0B52-EF76-45B7-A07A-DD5DF879E56E}.Debug|Any CPU.Build.0 = Debug|Any CPU
		{75FF0B52-EF76-45B7-A07A-DD5DF879E56E}.Release|Any CPU.ActiveCfg = Release|Any CPU
		{75FF0B52-EF76-45B7-A07A-DD5DF879E56E}.Release|Any CPU.Build.0 = Release|Any CPU
		{3823979E-8FDB-4A39-968C-C8E0EDA83BD7}.Debug|Any CPU.ActiveCfg = Debug|Any CPU
		{3823979E-8FDB-4A39-968C-C8E0EDA83BD7}.Debug|Any CPU.Build.0 = Debug|Any CPU
		{3823979E-8FDB-4A39-968C-C8E0EDA83BD7}.Release|Any CPU.ActiveCfg = Release|Any CPU
		{3823979E-8FDB-4A39-968C-C8E0EDA83BD7}.Release|Any CPU.Build.0 = Release|Any CPU
		{95DC316E-C1F2-47E8-B1D7-B61A681FD10A}.Debug|Any CPU.ActiveCfg = Debug|Any CPU
		{95DC316E-C1F2-47E8-B1D7-B61A681FD10A}.Debug|Any CPU.Build.0 = Debug|Any CPU
		{95DC316E-C1F2-47E8-B1D7-B61A681FD10A}.Release|Any CPU.ActiveCfg = Release|Any CPU
		{95DC316E-C1F2-47E8-B1D7-B61A681FD10A}.Release|Any CPU.Build.0 = Release|Any CPU
		{D91424C9-7CFA-4D38-B698-CBDEA0A8941A}.Debug|Any CPU.ActiveCfg = Debug|Any CPU
		{D91424C9-7CFA-4D38-B698-CBDEA0A8941A}.Debug|Any CPU.Build.0 = Debug|Any CPU
		{D91424C9-7CFA-4D38-B698-CBDEA0A8941A}.Release|Any CPU.ActiveCfg = Release|Any CPU
		{D91424C9-7CFA-4D38-B698-CBDEA0A8941A}.Release|Any CPU.Build.0 = Release|Any CPU
		{A8D015EC-DBA3-4D15-A411-41B47C0D8076}.Debug|Any CPU.ActiveCfg = Debug|Any CPU
		{A8D015EC-DBA3-4D15-A411-41B47C0D8076}.Debug|Any CPU.Build.0 = Debug|Any CPU
		{A8D015EC-DBA3-4D15-A411-41B47C0D8076}.Release|Any CPU.ActiveCfg = Release|Any CPU
		{A8D015EC-DBA3-4D15-A411-41B47C0D8076}.Release|Any CPU.Build.0 = Release|Any CPU
		{E41F3FB3-EA1F-4FC5-997D-F5524DEE5233}.Debug|Any CPU.ActiveCfg = Debug|Any CPU
		{E41F3FB3-EA1F-4FC5-997D-F5524DEE5233}.Debug|Any CPU.Build.0 = Debug|Any CPU
		{E41F3FB3-EA1F-4FC5-997D-F5524DEE5233}.Release|Any CPU.ActiveCfg = Release|Any CPU
		{E41F3FB3-EA1F-4FC5-997D-F5524DEE5233}.Release|Any CPU.Build.0 = Release|Any CPU
	EndGlobalSection
	GlobalSection(SolutionProperties) = preSolution
		HideSolutionNode = FALSE
	EndGlobalSection
	GlobalSection(ExtensibilityGlobals) = postSolution
		SolutionGuid = {C28AFC00-8DEA-495B-BCA1-C5D570E93F7A}
	EndGlobalSection
EndGlobal
