
Microsoft Visual Studio Solution File, Format Version 12.00
# Visual Studio Version 16
VisualStudioVersion = 16.0.30804.86
MinimumVisualStudioVersion = 10.0.40219.1
Project("{FAE04EC0-301F-11D3-BF4B-00C04F79EFBC}") = "Aula25", "Aula25\Aula25.csproj", "{FAF47685-A9FA-45D2-A101-31B1F21102DB}"
EndProject
Global
	GlobalSection(SolutionConfigurationPlatforms) = preSolution
		Debug|Any CPU = Debug|Any CPU
		Release|Any CPU = Release|Any CPU
	EndGlobalSection
	GlobalSection(ProjectConfigurationPlatforms) = postSolution
		{FAF47685-A9FA-45D2-A101-31B1F21102DB}.Debug|Any CPU.ActiveCfg = Debug|Any CPU
		{FAF47685-A9FA-45D2-A101-31B1F21102DB}.Debug|Any CPU.Build.0 = Debug|Any CPU
		{FAF47685-A9FA-45D2-A101-31B1F21102DB}.Release|Any CPU.ActiveCfg = Release|Any CPU
		{FAF47685-A9FA-45D2-A101-31B1F21102DB}.Release|Any CPU.Build.0 = Release|Any CPU
	EndGlobalSection
	GlobalSection(SolutionProperties) = preSolution
		HideSolutionNode = FALSE
	EndGlobalSection
	GlobalSection(ExtensibilityGlobals) = postSolution
		SolutionGuid = {077AF04B-8BB8-4645-B942-472D04A710DB}
	EndGlobalSection
EndGlobal
